{
  "version": 4,
  "terraform_version": "1.0.11",
  "serial": 620,
  "lineage": "91f8eccc-18d6-da5a-5fd6-317448ea69a2",
  "outputs": {},
  "resources": [
    {
      "mode": "managed",
      "type": "azurerm_network_interface",
      "name": "main",
      "provider": "provider[\"registry.terraform.io/hashicorp/azurerm\"]",
      "instances": [
        {
          "schema_version": 0,
          "attributes": {
            "applied_dns_servers": [],
            "dns_servers": [],
            "enable_accelerated_networking": false,
            "enable_ip_forwarding": false,
            "id": "/subscriptions/885bc0d7-9311-45f6-8db7-ea7481c4f20d/resourceGroups/Deployment/providers/Microsoft.Network/networkInterfaces/Car-Rental-System-NIC",
            "internal_dns_name_label": "",
            "internal_domain_name_suffix": "uognxfwajm2upiczvcg4yjnlhc.fx.internal.cloudapp.net",
            "ip_configuration": [
              {
                "name": "internal",
                "primary": true,
                "private_ip_address": "10.10.10.4",
                "private_ip_address_allocation": "Dynamic",
                "private_ip_address_version": "IPv4",
                "public_ip_address_id": "/subscriptions/885bc0d7-9311-45f6-8db7-ea7481c4f20d/resourceGroups/Deployment/providers/Microsoft.Network/publicIPAddresses/Deployment",
                "subnet_id": "/subscriptions/885bc0d7-9311-45f6-8db7-ea7481c4f20d/resourceGroups/Deployment/providers/Microsoft.Network/virtualNetworks/Deployment/subnets/default"
              }
            ],
            "location": "northeurope",
            "mac_address": "",
            "name": "Car-Rental-System-NIC",
            "private_ip_address": "10.10.10.4",
            "private_ip_addresses": [
              "10.10.10.4"
            ],
            "resource_group_name": "Deployment",
            "tags": null,
            "timeouts": null,
            "virtual_machine_id": ""
          },
          "sensitive_attributes": [],
          "private": "eyJlMmJmYjczMC1lY2FhLTExZTYtOGY4OC0zNDM2M2JjN2M0YzAiOnsiY3JlYXRlIjoxODAwMDAwMDAwMDAwLCJkZWxldGUiOjE4MDAwMDAwMDAwMDAsInJlYWQiOjMwMDAwMDAwMDAwMCwidXBkYXRlIjoxODAwMDAwMDAwMDAwfX0="
        }
      ]
    },
    {
      "mode": "managed",
      "type": "azurerm_virtual_machine",
      "name": "main",
      "provider": "provider[\"registry.terraform.io/hashicorp/azurerm\"]",
      "instances": [
        {
          "schema_version": 0,
          "attributes": {
            "additional_capabilities": [],
            "availability_set_id": null,
            "boot_diagnostics": [],
            "delete_data_disks_on_termination": false,
            "delete_os_disk_on_termination": true,
            "id": "/subscriptions/885bc0d7-9311-45f6-8db7-ea7481c4f20d/resourceGroups/Deployment/providers/Microsoft.Compute/virtualMachines/Car-Rental-System",
            "identity": [],
            "license_type": null,
            "location": "northeurope",
            "name": "Car-Rental-System",
            "network_interface_ids": [
              "/subscriptions/885bc0d7-9311-45f6-8db7-ea7481c4f20d/resourceGroups/Deployment/providers/Microsoft.Network/networkInterfaces/Car-Rental-System-NIC"
            ],
            "os_profile": [
              {
                "admin_password": "",
                "admin_username": "ubuntu",
                "computer_name": "CarRentalSys",
                "custom_data": ""
              }
            ],
            "os_profile_linux_config": [
              {
                "disable_password_authentication": true,
                "ssh_keys": [
                  {
                    "key_data": "ssh-rsa AAAAB3NzaC1yc2EAAAADAQABAAABgQDgvLQyrrpy/mDlHlh6TiFy3jOwYBrADWfFg4y3r1Blg1GIt2z+FKd3YnSKpm0Y4CI4fCs/2Gfh85/GWPJDUZNdkSjsy/P7R69yHDhuBfLLgSwSktX0wXbD9FPvw4+yjujT2p0KMbN7Kh6h0I1Bn2N5vRc84rDqpYKBZbDcm89dT8G1KNUA2a2ofVLz0VjIgaRsSWzCzk8G8HIpAMLSqSoxrGco41CBIp7D143OJK5kJQFFpBJrA8oxxEScrimF8Zze1L3ML6yBXXEMM8fYcGf0Kp0fOTeToAZtapCf35CbJkv2JQLseW6BLdjq1742hzm6nJXbHg+9fmY5X8ZJD+/FDA3z7MMg4Z15WT7osK3EcSdL12p/TyhohRrTkHLDhweVaKn9YRlihJjyo0qFnXO1eZJK7XnLzgN7lZ1eXURKJlDW7jhqxGOdw25s/phv/brBJ1AErIuPsMLejPUIgBwZk4MvCAA+dZalTjZtpjRdcmkjS/67uZM0QxRKuhys7kE=",
                    "path": "/home/ubuntu/.ssh/authorized_keys"
                  }
                ]
              }
            ],
            "os_profile_secrets": [],
            "os_profile_windows_config": [],
            "plan": [],
            "primary_network_interface_id": null,
            "proximity_placement_group_id": null,
            "resource_group_name": "Deployment",
            "storage_data_disk": [],
            "storage_image_reference": [
              {
                "id": "",
                "offer": "0001-com-ubuntu-server-focal",
                "publisher": "Canonical",
                "sku": "20_04-lts-gen2",
                "version": "latest"
              }
            ],
            "storage_os_disk": [
              {
                "caching": "ReadWrite",
                "create_option": "FromImage",
                "disk_size_gb": 30,
                "image_uri": "",
                "managed_disk_id": "/subscriptions/885bc0d7-9311-45f6-8db7-ea7481c4f20d/resourceGroups/Deployment/providers/Microsoft.Compute/disks/Car-Rental-Sys-Disk",
                "managed_disk_type": "Standard_LRS",
                "name": "Car-Rental-Sys-Disk",
                "os_type": "Linux",
                "vhd_uri": "",
                "write_accelerator_enabled": false
              }
            ],
            "tags": null,
            "timeouts": null,
            "vm_size": "Standard_D2s_v3",
            "zones": null
          },
          "sensitive_attributes": [],
          "private": "eyJlMmJmYjczMC1lY2FhLTExZTYtOGY4OC0zNDM2M2JjN2M0YzAiOnsiY3JlYXRlIjozNjAwMDAwMDAwMDAwLCJkZWxldGUiOjM2MDAwMDAwMDAwMDAsInJlYWQiOjMwMDAwMDAwMDAwMCwidXBkYXRlIjozNjAwMDAwMDAwMDAwfX0=",
          "dependencies": [
            "azurerm_network_interface.main"
          ]
        }
      ]
    }
  ]
}
